
Microsoft Visual Studio Solution File, Format Version 12.00
# Visual Studio Version 17
VisualStudioVersion = 17.9.34714.143
MinimumVisualStudioVersion = 10.0.40219.1
Project("{FAE04EC0-301F-11D3-BF4B-00C04F79EFBC}") = "MinimalAPI", "MinimalAPI\MinimalAPI.csproj", "{8AAA7A23-D416-4DA7-9D14-5F1F964FD1A0}"
EndProject
Global
	GlobalSection(SolutionConfigurationPlatforms) = preSolution
		Debug|Any CPU = Debug|Any CPU
		Release|Any CPU = Release|Any CPU
	EndGlobalSection
	GlobalSection(ProjectConfigurationPlatforms) = postSolution
		{8AAA7A23-D416-4DA7-9D14-5F1F964FD1A0}.Debug|Any CPU.ActiveCfg = Debug|Any CPU
		{8AAA7A23-D416-4DA7-9D14-5F1F964FD1A0}.Debug|Any CPU.Build.0 = Debug|Any CPU
		{8AAA7A23-D416-4DA7-9D14-5F1F964FD1A0}.Release|Any CPU.ActiveCfg = Release|Any CPU
		{8AAA7A23-D416-4DA7-9D14-5F1F964FD1A0}.Release|Any CPU.Build.0 = Release|Any CPU
	EndGlobalSection
	GlobalSection(SolutionProperties) = preSolution
		HideSolutionNode = FALSE
	EndGlobalSection
	GlobalSection(ExtensibilityGlobals) = postSolution
		SolutionGuid = {37726E4C-AEA2-48BB-8071-8AADF98EDB3D}
	EndGlobalSection
EndGlobal
